
Microsoft Visual Studio Solution File, Format Version 12.00
# Visual Studio Version 17
VisualStudioVersion = 17.2.32505.173
MinimumVisualStudioVersion = 10.0.40219.1
Project("{FAE04EC0-301F-11D3-BF4B-00C04F79EFBC}") = "AspClassicService", "AspClassicService\AspClassicService.csproj", "{3FA3F1F8-9669-4DAA-94F1-6B6F9C30EE42}"
EndProject
Global
	GlobalSection(SolutionConfigurationPlatforms) = preSolution
		Debug|Any CPU = Debug|Any CPU
		Release|Any CPU = Release|Any CPU
	EndGlobalSection
	GlobalSection(ProjectConfigurationPlatforms) = postSolution
		{3FA3F1F8-9669-4DAA-94F1-6B6F9C30EE42}.Debug|Any CPU.ActiveCfg = Debug|Any CPU
		{3FA3F1F8-9669-4DAA-94F1-6B6F9C30EE42}.Debug|Any CPU.Build.0 = Debug|Any CPU
		{3FA3F1F8-9669-4DAA-94F1-6B6F9C30EE42}.Release|Any CPU.ActiveCfg = Release|Any CPU
		{3FA3F1F8-9669-4DAA-94F1-6B6F9C30EE42}.Release|Any CPU.Build.0 = Release|Any CPU
	EndGlobalSection
	GlobalSection(SolutionProperties) = preSolution
		HideSolutionNode = FALSE
	EndGlobalSection
	GlobalSection(ExtensibilityGlobals) = postSolution
		SolutionGuid = {A0E5AEC2-4B4C-41C3-BF72-3140C1B72529}
	EndGlobalSection
EndGlobal
